
Microsoft Visual Studio Solution File, Format Version 12.00
# Visual Studio 15
VisualStudioVersion = 15.0.28010.2019
MinimumVisualStudioVersion = 10.0.40219.1
Project("{9A19103F-16F7-4668-BE54-9A1E7A4F7556}") = "MedicalExamination", "MedicalExamination\MedicalExamination.csproj", "{B77B2AE2-FABC-46E7-9E08-9125016FFA47}"
EndProject
Project("{9A19103F-16F7-4668-BE54-9A1E7A4F7556}") = "MedicalExamination.Entities", "MedicalExamination.Entities\MedicalExamination.Entities.csproj", "{5228FF69-D8EA-4D97-8A1D-B8300242C1C0}"
EndProject
Project("{FAE04EC0-301F-11D3-BF4B-00C04F79EFBC}") = "MedicalExamination.DAL", "MedicalExamination.DAL\MedicalExamination.DAL.csproj", "{D60BB199-AF50-4FB3-8770-694E300E150E}"
EndProject
Global
	GlobalSection(SolutionConfigurationPlatforms) = preSolution
		Debug|Any CPU = Debug|Any CPU
		Release|Any CPU = Release|Any CPU
	EndGlobalSection
	GlobalSection(ProjectConfigurationPlatforms) = postSolution
		{B77B2AE2-FABC-46E7-9E08-9125016FFA47}.Debug|Any CPU.ActiveCfg = Debug|Any CPU
		{B77B2AE2-FABC-46E7-9E08-9125016FFA47}.Debug|Any CPU.Build.0 = Debug|Any CPU
		{B77B2AE2-FABC-46E7-9E08-9125016FFA47}.Release|Any CPU.ActiveCfg = Release|Any CPU
		{B77B2AE2-FABC-46E7-9E08-9125016FFA47}.Release|Any CPU.Build.0 = Release|Any CPU
		{5228FF69-D8EA-4D97-8A1D-B8300242C1C0}.Debug|Any CPU.ActiveCfg = Debug|Any CPU
		{5228FF69-D8EA-4D97-8A1D-B8300242C1C0}.Debug|Any CPU.Build.0 = Debug|Any CPU
		{5228FF69-D8EA-4D97-8A1D-B8300242C1C0}.Release|Any CPU.ActiveCfg = Release|Any CPU
		{5228FF69-D8EA-4D97-8A1D-B8300242C1C0}.Release|Any CPU.Build.0 = Release|Any CPU
		{D60BB199-AF50-4FB3-8770-694E300E150E}.Debug|Any CPU.ActiveCfg = Debug|Any CPU
		{D60BB199-AF50-4FB3-8770-694E300E150E}.Debug|Any CPU.Build.0 = Debug|Any CPU
		{D60BB199-AF50-4FB3-8770-694E300E150E}.Release|Any CPU.ActiveCfg = Release|Any CPU
		{D60BB199-AF50-4FB3-8770-694E300E150E}.Release|Any CPU.Build.0 = Release|Any CPU
	EndGlobalSection
	GlobalSection(SolutionProperties) = preSolution
		HideSolutionNode = FALSE
	EndGlobalSection
	GlobalSection(ExtensibilityGlobals) = postSolution
		SolutionGuid = {64860EC4-8B08-4257-9FD2-57F62D22FE17}
	EndGlobalSection
EndGlobal
